
Microsoft Visual Studio Solution File, Format Version 12.00
# Visual Studio Version 17
VisualStudioVersion = 17.2.32616.157
MinimumVisualStudioVersion = 10.0.40219.1
Project("{FAE04EC0-301F-11D3-BF4B-00C04F79EFBC}") = "LocacoesFilmes", "LocacoesFilmes\LocacoesFilmes.csproj", "{15F96F1C-E05F-4F4D-85BF-0082F0AD493A}"
EndProject
Global
	GlobalSection(SolutionConfigurationPlatforms) = preSolution
		Debug|Any CPU = Debug|Any CPU
		Release|Any CPU = Release|Any CPU
	EndGlobalSection
	GlobalSection(ProjectConfigurationPlatforms) = postSolution
		{15F96F1C-E05F-4F4D-85BF-0082F0AD493A}.Debug|Any CPU.ActiveCfg = Debug|Any CPU
		{15F96F1C-E05F-4F4D-85BF-0082F0AD493A}.Debug|Any CPU.Build.0 = Debug|Any CPU
		{15F96F1C-E05F-4F4D-85BF-0082F0AD493A}.Release|Any CPU.ActiveCfg = Release|Any CPU
		{15F96F1C-E05F-4F4D-85BF-0082F0AD493A}.Release|Any CPU.Build.0 = Release|Any CPU
	EndGlobalSection
	GlobalSection(SolutionProperties) = preSolution
		HideSolutionNode = FALSE
	EndGlobalSection
	GlobalSection(ExtensibilityGlobals) = postSolution
		SolutionGuid = {90E43471-ED72-4ECB-921B-E6088880A945}
	EndGlobalSection
EndGlobal
